
Microsoft Visual Studio Solution File, Format Version 12.00
# Visual Studio 15
VisualStudioVersion = 15.0.27130.2024
MinimumVisualStudioVersion = 10.0.40219.1
Project("{8BC9CEB8-8B4A-11D0-8D11-00A0C91BC942}") = "fuzzy", "src\fuzzy.vcxproj", "{81B2D33D-A0A9-4B3E-8C28-836E0880785F}"
EndProject
Project("{2150E333-8FDC-42A3-9474-1A3956D46DE8}") = "misc", "misc", "{B8071DF9-9112-4DC0-98DA-04F727232D69}"
	ProjectSection(SolutionItems) = preProject
		.gitignore = .gitignore
		.gitmodules = .gitmodules
		clean.bat = clean.bat
		glad_generate.bat = glad_generate.bat
		glfw_build.bat = glfw_build.bat
		LICENSE.md = LICENSE.md
		README.md = README.md
		update_git_submodules.bat = update_git_submodules.bat
	EndProjectSection
EndProject
Project("{2150E333-8FDC-42A3-9474-1A3956D46DE8}") = "data", "data", "{40618B3B-D41E-41B0-A0E0-30EAED9F756A}"
EndProject
Project("{2150E333-8FDC-42A3-9474-1A3956D46DE8}") = "shaders", "shaders", "{849DEA6D-56FE-4DD0-BF45-650BC17E3E72}"
	ProjectSection(SolutionItems) = preProject
		data\shaders\basic.frag = data\shaders\basic.frag
		data\shaders\basic.vert = data\shaders\basic.vert
	EndProjectSection
EndProject
Project("{2150E333-8FDC-42A3-9474-1A3956D46DE8}") = "textures", "textures", "{403821E1-DD33-43B6-8927-BB1E7C53B811}"
	ProjectSection(SolutionItems) = preProject
		data\textures\industrial_tileset.png = data\textures\industrial_tileset.png
		data\textures\sprites.json = data\textures\sprites.json
	EndProjectSection
EndProject
Project("{2150E333-8FDC-42A3-9474-1A3956D46DE8}") = "levels", "levels", "{EDA354BB-F825-4C1C-9964-99D43988FECE}"
	ProjectSection(SolutionItems) = preProject
		data\levels\level01.json = data\levels\level01.json
		data\levels\tileset.json = data\levels\tileset.json
	EndProjectSection
EndProject
Global
	GlobalSection(SolutionConfigurationPlatforms) = preSolution
		Debug|x64 = Debug|x64
		Debug|x86 = Debug|x86
		Release|x64 = Release|x64
		Release|x86 = Release|x86
	EndGlobalSection
	GlobalSection(ProjectConfigurationPlatforms) = postSolution
		{81B2D33D-A0A9-4B3E-8C28-836E0880785F}.Debug|x64.ActiveCfg = Debug|x64
		{81B2D33D-A0A9-4B3E-8C28-836E0880785F}.Debug|x64.Build.0 = Debug|x64
		{81B2D33D-A0A9-4B3E-8C28-836E0880785F}.Debug|x86.ActiveCfg = Debug|Win32
		{81B2D33D-A0A9-4B3E-8C28-836E0880785F}.Debug|x86.Build.0 = Debug|Win32
		{81B2D33D-A0A9-4B3E-8C28-836E0880785F}.Release|x64.ActiveCfg = Release|x64
		{81B2D33D-A0A9-4B3E-8C28-836E0880785F}.Release|x64.Build.0 = Release|x64
		{81B2D33D-A0A9-4B3E-8C28-836E0880785F}.Release|x86.ActiveCfg = Release|Win32
		{81B2D33D-A0A9-4B3E-8C28-836E0880785F}.Release|x86.Build.0 = Release|Win32
	EndGlobalSection
	GlobalSection(SolutionProperties) = preSolution
		HideSolutionNode = FALSE
	EndGlobalSection
	GlobalSection(NestedProjects) = preSolution
		{849DEA6D-56FE-4DD0-BF45-650BC17E3E72} = {40618B3B-D41E-41B0-A0E0-30EAED9F756A}
		{403821E1-DD33-43B6-8927-BB1E7C53B811} = {40618B3B-D41E-41B0-A0E0-30EAED9F756A}
		{EDA354BB-F825-4C1C-9964-99D43988FECE} = {40618B3B-D41E-41B0-A0E0-30EAED9F756A}
	EndGlobalSection
	GlobalSection(ExtensibilityGlobals) = postSolution
		SolutionGuid = {6CB12932-8CAA-433E-822D-8A13813D9D25}
	EndGlobalSection
EndGlobal
