
Microsoft Visual Studio Solution File, Format Version 12.00
# Visual Studio 15
VisualStudioVersion = 15.0.27130.2024
MinimumVisualStudioVersion = 10.0.40219.1
Project("{8BC9CEB8-8B4A-11D0-8D11-00A0C91BC942}") = "win32_fuzzy", "src\win32_fuzzy\win32_fuzzy.vcxproj", "{81B2D33D-A0A9-4B3E-8C28-836E0880785F}"
	ProjectSection(ProjectDependencies) = postProject
		{5C53446B-0425-4F9C-BD52-63191C214C6B} = {5C53446B-0425-4F9C-BD52-63191C214C6B}
	EndProjectSection
EndProject
Project("{2150E333-8FDC-42A3-9474-1A3956D46DE8}") = "misc", "misc", "{B8071DF9-9112-4DC0-98DA-04F727232D69}"
	ProjectSection(SolutionItems) = preProject
		.gitignore = .gitignore
		.gitmodules = .gitmodules
		misc\clean.bat = misc\clean.bat
		misc\game_build.bat = misc\game_build.bat
		misc\glad_generate.bat = misc\glad_generate.bat
		misc\glfw_build.bat = misc\glfw_build.bat
		LICENSE.md = LICENSE.md
		README.md = README.md
		misc\update_git_submodules.bat = misc\update_git_submodules.bat
	EndProjectSection
EndProject
Project("{2150E333-8FDC-42A3-9474-1A3956D46DE8}") = "data", "data", "{40618B3B-D41E-41B0-A0E0-30EAED9F756A}"
	ProjectSection(SolutionItems) = preProject
		data\animations.json = data\animations.json
	EndProjectSection
EndProject
Project("{2150E333-8FDC-42A3-9474-1A3956D46DE8}") = "shaders", "shaders", "{849DEA6D-56FE-4DD0-BF45-650BC17E3E72}"
	ProjectSection(SolutionItems) = preProject
		data\shaders\border.frag = data\shaders\border.frag
		data\shaders\border.vert = data\shaders\border.vert
		data\shaders\box.frag = data\shaders\box.frag
		data\shaders\box.vert = data\shaders\box.vert
		data\shaders\entity.frag = data\shaders\entity.frag
		data\shaders\entity.vert = data\shaders\entity.vert
		data\shaders\tile.frag = data\shaders\tile.frag
		data\shaders\tile.vert = data\shaders\tile.vert
	EndProjectSection
EndProject
Project("{8BC9CEB8-8B4A-11D0-8D11-00A0C91BC942}") = "fuzzy", "src\fuzzy\fuzzy.vcxproj", "{5C53446B-0425-4F9C-BD52-63191C214C6B}"
EndProject
Project("{2150E333-8FDC-42A3-9474-1A3956D46DE8}") = "tilesets", "tilesets", "{585FEC08-E915-47C6-853B-AC2EA5AD4F55}"
	ProjectSection(SolutionItems) = preProject
		data\tilesets\industrial_tileset.png = data\tilesets\industrial_tileset.png
		data\tilesets\industrial_tileset_with_spacing.png = data\tilesets\industrial_tileset_with_spacing.png
		data\tilesets\tileset.json = data\tilesets\tileset.json
	EndProjectSection
EndProject
Project("{2150E333-8FDC-42A3-9474-1A3956D46DE8}") = "maps", "maps", "{AFC518B3-35F3-4855-8232-3149FBF8DEA1}"
	ProjectSection(SolutionItems) = preProject
		data\maps\map01.json = data\maps\map01.json
	EndProjectSection
EndProject
Global
	GlobalSection(SolutionConfigurationPlatforms) = preSolution
		Debug|x64 = Debug|x64
		Debug|x86 = Debug|x86
		Release|x64 = Release|x64
		Release|x86 = Release|x86
	EndGlobalSection
	GlobalSection(ProjectConfigurationPlatforms) = postSolution
		{81B2D33D-A0A9-4B3E-8C28-836E0880785F}.Debug|x64.ActiveCfg = Debug|x64
		{81B2D33D-A0A9-4B3E-8C28-836E0880785F}.Debug|x64.Build.0 = Debug|x64
		{81B2D33D-A0A9-4B3E-8C28-836E0880785F}.Debug|x86.ActiveCfg = Debug|Win32
		{81B2D33D-A0A9-4B3E-8C28-836E0880785F}.Debug|x86.Build.0 = Debug|Win32
		{81B2D33D-A0A9-4B3E-8C28-836E0880785F}.Release|x64.ActiveCfg = Release|x64
		{81B2D33D-A0A9-4B3E-8C28-836E0880785F}.Release|x64.Build.0 = Release|x64
		{81B2D33D-A0A9-4B3E-8C28-836E0880785F}.Release|x86.ActiveCfg = Release|Win32
		{81B2D33D-A0A9-4B3E-8C28-836E0880785F}.Release|x86.Build.0 = Release|Win32
		{5C53446B-0425-4F9C-BD52-63191C214C6B}.Debug|x64.ActiveCfg = Debug|x64
		{5C53446B-0425-4F9C-BD52-63191C214C6B}.Debug|x64.Build.0 = Debug|x64
		{5C53446B-0425-4F9C-BD52-63191C214C6B}.Debug|x86.ActiveCfg = Debug|Win32
		{5C53446B-0425-4F9C-BD52-63191C214C6B}.Debug|x86.Build.0 = Debug|Win32
		{5C53446B-0425-4F9C-BD52-63191C214C6B}.Release|x64.ActiveCfg = Release|x64
		{5C53446B-0425-4F9C-BD52-63191C214C6B}.Release|x64.Build.0 = Release|x64
		{5C53446B-0425-4F9C-BD52-63191C214C6B}.Release|x86.ActiveCfg = Release|Win32
		{5C53446B-0425-4F9C-BD52-63191C214C6B}.Release|x86.Build.0 = Release|Win32
	EndGlobalSection
	GlobalSection(SolutionProperties) = preSolution
		HideSolutionNode = FALSE
	EndGlobalSection
	GlobalSection(NestedProjects) = preSolution
		{849DEA6D-56FE-4DD0-BF45-650BC17E3E72} = {40618B3B-D41E-41B0-A0E0-30EAED9F756A}
		{585FEC08-E915-47C6-853B-AC2EA5AD4F55} = {40618B3B-D41E-41B0-A0E0-30EAED9F756A}
		{AFC518B3-35F3-4855-8232-3149FBF8DEA1} = {40618B3B-D41E-41B0-A0E0-30EAED9F756A}
	EndGlobalSection
	GlobalSection(ExtensibilityGlobals) = postSolution
		SolutionGuid = {6CB12932-8CAA-433E-822D-8A13813D9D25}
	EndGlobalSection
EndGlobal
