<?xml version="1.0" encoding="utf-8"?>
<Project ToolsVersion="4.0" xmlns="http://schemas.microsoft.com/developer/msbuild/2003">
  <ItemGroup>
    <ClCompile Include="fuzzy.cpp" />
  </ItemGroup>
  <ItemGroup>
    <ClInclude Include="fuzzy.h" />
    <ClInclude Include="fuzzy_platform.h" />
    <ClInclude Include="fuzzy_memory.h" />
    <ClInclude Include="fuzzy_types.h" />
    <ClInclude Include="fuzzy_animations.h" />
    <ClInclude Include="fuzzy_tiled.h" />
    <ClInclude Include="fuzzy_containers.h" />
    <ClInclude Include="fuzzy_renderer.h" />
    <ClInclude Include="fuzzy_random.cpp" />
  </ItemGroup>
  <ItemGroup>
    <None Include="fuzzy_tiled.cpp" />
    <None Include="fuzzy_animations.cpp" />
    <None Include="fuzzy_containers.cpp" />
    <None Include="fuzzy_renderer.cpp" />
    <None Include="fuzzy_assets.cpp" />
    <None Include="fuzzy_math.cpp" />
    <None Include="fuzzy_text.cpp" />
  </ItemGroup>
</Project>